
Microsoft Visual Studio Solution File, Format Version 12.00
# Visual Studio 15
VisualStudioVersion = 15.0.26124.0
MinimumVisualStudioVersion = 15.0.26124.0
Project("{FAE04EC0-301F-11D3-BF4B-00C04F79EFBC}") = "MisskeyDotNet", "MisskeyDotNet\MisskeyDotNet.csproj", "{A41456F4-CFA0-4940-B9B2-53BC420307B2}"
EndProject
Project("{FAE04EC0-301F-11D3-BF4B-00C04F79EFBC}") = "MisskeyDotNet.Test", "MisskeyDotNet.Test\MisskeyDotNet.Test.csproj", "{20711A0A-072D-4517-80E9-D9E37E11B0D7}"
EndProject
Global
	GlobalSection(SolutionConfigurationPlatforms) = preSolution
		Debug|Any CPU = Debug|Any CPU
		Debug|x64 = Debug|x64
		Debug|x86 = Debug|x86
		Release|Any CPU = Release|Any CPU
		Release|x64 = Release|x64
		Release|x86 = Release|x86
	EndGlobalSection
	GlobalSection(SolutionProperties) = preSolution
		HideSolutionNode = FALSE
	EndGlobalSection
	GlobalSection(ProjectConfigurationPlatforms) = postSolution
		{A41456F4-CFA0-4940-B9B2-53BC420307B2}.Debug|Any CPU.ActiveCfg = Debug|Any CPU
		{A41456F4-CFA0-4940-B9B2-53BC420307B2}.Debug|Any CPU.Build.0 = Debug|Any CPU
		{A41456F4-CFA0-4940-B9B2-53BC420307B2}.Debug|x64.ActiveCfg = Debug|Any CPU
		{A41456F4-CFA0-4940-B9B2-53BC420307B2}.Debug|x64.Build.0 = Debug|Any CPU
		{A41456F4-CFA0-4940-B9B2-53BC420307B2}.Debug|x86.ActiveCfg = Debug|Any CPU
		{A41456F4-CFA0-4940-B9B2-53BC420307B2}.Debug|x86.Build.0 = Debug|Any CPU
		{A41456F4-CFA0-4940-B9B2-53BC420307B2}.Release|Any CPU.ActiveCfg = Release|Any CPU
		{A41456F4-CFA0-4940-B9B2-53BC420307B2}.Release|Any CPU.Build.0 = Release|Any CPU
		{A41456F4-CFA0-4940-B9B2-53BC420307B2}.Release|x64.ActiveCfg = Release|Any CPU
		{A41456F4-CFA0-4940-B9B2-53BC420307B2}.Release|x64.Build.0 = Release|Any CPU
		{A41456F4-CFA0-4940-B9B2-53BC420307B2}.Release|x86.ActiveCfg = Release|Any CPU
		{A41456F4-CFA0-4940-B9B2-53BC420307B2}.Release|x86.Build.0 = Release|Any CPU
		{20711A0A-072D-4517-80E9-D9E37E11B0D7}.Debug|Any CPU.ActiveCfg = Debug|Any CPU
		{20711A0A-072D-4517-80E9-D9E37E11B0D7}.Debug|Any CPU.Build.0 = Debug|Any CPU
		{20711A0A-072D-4517-80E9-D9E37E11B0D7}.Debug|x64.ActiveCfg = Debug|Any CPU
		{20711A0A-072D-4517-80E9-D9E37E11B0D7}.Debug|x64.Build.0 = Debug|Any CPU
		{20711A0A-072D-4517-80E9-D9E37E11B0D7}.Debug|x86.ActiveCfg = Debug|Any CPU
		{20711A0A-072D-4517-80E9-D9E37E11B0D7}.Debug|x86.Build.0 = Debug|Any CPU
		{20711A0A-072D-4517-80E9-D9E37E11B0D7}.Release|Any CPU.ActiveCfg = Release|Any CPU
		{20711A0A-072D-4517-80E9-D9E37E11B0D7}.Release|Any CPU.Build.0 = Release|Any CPU
		{20711A0A-072D-4517-80E9-D9E37E11B0D7}.Release|x64.ActiveCfg = Release|Any CPU
		{20711A0A-072D-4517-80E9-D9E37E11B0D7}.Release|x64.Build.0 = Release|Any CPU
		{20711A0A-072D-4517-80E9-D9E37E11B0D7}.Release|x86.ActiveCfg = Release|Any CPU
		{20711A0A-072D-4517-80E9-D9E37E11B0D7}.Release|x86.Build.0 = Release|Any CPU
	EndGlobalSection
EndGlobal
